// !$*UTF8*$!
{
	archiveVersion = 1;
	classes = {
	};
	objectVersion = 50;
	objects = {

/* Begin PBXBuildFile section */
		1A4DFF8D21F618DF001CE87A /* AppDelegate.swift in Sources */ = {isa = PBXBuildFile; fileRef = 1A4DFF8C21F618DF001CE87A /* AppDelegate.swift */; };
		1A4DFF8F21F618DF001CE87A /* ViewController.swift in Sources */ = {isa = PBXBuildFile; fileRef = 1A4DFF8E21F618DF001CE87A /* ViewController.swift */; };
		1A4DFF9221F618DF001CE87A /* Main.storyboard in Resources */ = {isa = PBXBuildFile; fileRef = 1A4DFF9021F618DF001CE87A /* Main.storyboard */; };
		1A4DFF9421F618E0001CE87A /* Assets.xcassets in Resources */ = {isa = PBXBuildFile; fileRef = 1A4DFF9321F618E0001CE87A /* Assets.xcassets */; };
		1A4DFF9721F618E0001CE87A /* LaunchScreen.storyboard in Resources */ = {isa = PBXBuildFile; fileRef = 1A4DFF9521F618E0001CE87A /* LaunchScreen.storyboard */; };
		1A4DFFA221F618E0001CE87A /* Repository1Tests.swift in Sources */ = {isa = PBXBuildFile; fileRef = 1A4DFFA121F618E0001CE87A /* Repository1Tests.swift */; };
		1A4DFFAD21F618E0001CE87A /* Repository1UITests.swift in Sources */ = {isa = PBXBuildFile; fileRef = 1A4DFFAC21F618E0001CE87A /* Repository1UITests.swift */; };
/* End PBXBuildFile section */

/* Begin PBXContainerItemProxy section */
		1A4DFF9E21F618E0001CE87A /* PBXContainerItemProxy */ = {
			isa = PBXContainerItemProxy;
			containerPortal = 1A4DFF8121F618DF001CE87A /* Project object */;
			proxyType = 1;
			remoteGlobalIDString = 1A4DFF8821F618DF001CE87A;
			remoteInfo = Repository1;
		};
		1A4DFFA921F618E0001CE87A /* PBXContainerItemProxy */ = {
			isa = PBXContainerItemProxy;
			containerPortal = 1A4DFF8121F618DF001CE87A /* Project object */;
			proxyType = 1;
			remoteGlobalIDString = 1A4DFF8821F618DF001CE87A;
			remoteInfo = Repository1;
		};
/* End PBXContainerItemProxy section */

/* Begin PBXFileReference section */
		1A4DFF8921F618DF001CE87A /* Repository1.app */ = {isa = PBXFileReference; explicitFileType = wrapper.application; includeInIndex = 0; path = Repository1.app; sourceTree = BUILT_PRODUCTS_DIR; };
		1A4DFF8C21F618DF001CE87A /* AppDelegate.swift */ = {isa = PBXFileReference; lastKnownFileType = sourcecode.swift; path = AppDelegate.swift; sourceTree = "<group>"; };
		1A4DFF8E21F618DF001CE87A /* ViewController.swift */ = {isa = PBXFileReference; lastKnownFileType = sourcecode.swift; path = ViewController.swift; sourceTree = "<group>"; };
		1A4DFF9121F618DF001CE87A /* Base */ = {isa = PBXFileReference; lastKnownFileType = file.storyboard; name = Base; path = Base.lproj/Main.storyboard; sourceTree = "<group>"; };
		1A4DFF9321F618E0001CE87A /* Assets.xcassets */ = {isa = PBXFileReference; lastKnownFileType = folder.assetcatalog; path = Assets.xcassets; sourceTree = "<group>"; };
		1A4DFF9621F618E0001CE87A /* Base */ = {isa = PBXFileReference; lastKnownFileType = file.storyboard; name = Base; path = Base.lproj/LaunchScreen.storyboard; sourceTree = "<group>"; };
		1A4DFF9821F618E0001CE87A /* Info.plist */ = {isa = PBXFileReference; lastKnownFileType = text.plist.xml; path = Info.plist; sourceTree = "<group>"; };
		1A4DFF9D21F618E0001CE87A /* Repository1Tests.xctest */ = {isa = PBXFileReference; explicitFileType = wrapper.cfbundle; includeInIndex = 0; path = Repository1Tests.xctest; sourceTree = BUILT_PRODUCTS_DIR; };
		1A4DFFA121F618E0001CE87A /* Repository1Tests.swift */ = {isa = PBXFileReference; lastKnownFileType = sourcecode.swift; path = Repository1Tests.swift; sourceTree = "<group>"; };
		1A4DFFA321F618E0001CE87A /* Info.plist */ = {isa = PBXFileReference; lastKnownFileType = text.plist.xml; path = Info.plist; sourceTree = "<group>"; };
		1A4DFFA821F618E0001CE87A /* Repository1UITests.xctest */ = {isa = PBXFileReference; explicitFileType = wrapper.cfbundle; includeInIndex = 0; path = Repository1UITests.xctest; sourceTree = BUILT_PRODUCTS_DIR; };
		1A4DFFAC21F618E0001CE87A /* Repository1UITests.swift */ = {isa = PBXFileReference; lastKnownFileType = sourcecode.swift; path = Repository1UITests.swift; sourceTree = "<group>"; };
		1A4DFFAE21F618E0001CE87A /* Info.plist */ = {isa = PBXFileReference; lastKnownFileType = text.plist.xml; path = Info.plist; sourceTree = "<group>"; };
/* End PBXFileReference section */

/* Begin PBXFrameworksBuildPhase section */
		1A4DFF8621F618DF001CE87A /* Frameworks */ = {
			isa = PBXFrameworksBuildPhase;
			buildActionMask = 2147483647;
			files = (
			);
			runOnlyForDeploymentPostprocessing = 0;
		};
		1A4DFF9A21F618E0001CE87A /* Frameworks */ = {
			isa = PBXFrameworksBuildPhase;
			buildActionMask = 2147483647;
			files = (
			);
			runOnlyForDeploymentPostprocessing = 0;
		};
		1A4DFFA521F618E0001CE87A /* Frameworks */ = {
			isa = PBXFrameworksBuildPhase;
			buildActionMask = 2147483647;
			files = (
			);
			runOnlyForDeploymentPostprocessing = 0;
		};
/* End PBXFrameworksBuildPhase section */

/* Begin PBXGroup section */
		1A4DFF8021F618DF001CE87A = {
			isa = PBXGroup;
			children = (
				1A4DFF8B21F618DF001CE87A /* Repository1 */,
				1A4DFFA021F618E0001CE87A /* Repository1Tests */,
				1A4DFFAB21F618E0001CE87A /* Repository1UITests */,
				1A4DFF8A21F618DF001CE87A /* Products */,
			);
			sourceTree = "<group>";
		};
		1A4DFF8A21F618DF001CE87A /* Products */ = {
			isa = PBXGroup;
			children = (
				1A4DFF8921F618DF001CE87A /* Repository1.app */,
				1A4DFF9D21F618E0001CE87A /* Repository1Tests.xctest */,
				1A4DFFA821F618E0001CE87A /* Repository1UITests.xctest */,
			);
			name = Products;
			sourceTree = "<group>";
		};
		1A4DFF8B21F618DF001CE87A /* Repository1 */ = {
			isa = PBXGroup;
			children = (
				1A4DFF8C21F618DF001CE87A /* AppDelegate.swift */,
				1A4DFF8E21F618DF001CE87A /* ViewController.swift */,
				1A4DFF9021F618DF001CE87A /* Main.storyboard */,
				1A4DFF9321F618E0001CE87A /* Assets.xcassets */,
				1A4DFF9521F618E0001CE87A /* LaunchScreen.storyboard */,
				1A4DFF9821F618E0001CE87A /* Info.plist */,
			);
			path = Repository1;
			sourceTree = "<group>";
		};
		1A4DFFA021F618E0001CE87A /* Repository1Tests */ = {
			isa = PBXGroup;
			children = (
				1A4DFFA121F618E0001CE87A /* Repository1Tests.swift */,
				1A4DFFA321F618E0001CE87A /* Info.plist */,
			);
			path = Repository1Tests;
			sourceTree = "<group>";
		};
		1A4DFFAB21F618E0001CE87A /* Repository1UITests */ = {
			isa = PBXGroup;
			children = (
				1A4DFFAC21F618E0001CE87A /* Repository1UITests.swift */,
				1A4DFFAE21F618E0001CE87A /* Info.plist */,
			);
			path = Repository1UITests;
			sourceTree = "<group>";
		};
/* End PBXGroup section */

/* Begin PBXNativeTarget section */
		1A4DFF8821F618DF001CE87A /* Repository1 */ = {
			isa = PBXNativeTarget;
			buildConfigurationList = 1A4DFFB121F618E0001CE87A /* Build configuration list for PBXNativeTarget "Repository1" */;
			buildPhases = (
				1A4DFF8521F618DF001CE87A /* Sources */,
				1A4DFF8621F618DF001CE87A /* Frameworks */,
				1A4DFF8721F618DF001CE87A /* Resources */,
			);
			buildRules = (
			);
			dependencies = (
			);
			name = Repository1;
			productName = Repository1;
			productReference = 1A4DFF8921F618DF001CE87A /* Repository1.app */;
			productType = "com.apple.product-type.application";
		};
		1A4DFF9C21F618E0001CE87A /* Repository1Tests */ = {
			isa = PBXNativeTarget;
			buildConfigurationList = 1A4DFFB421F618E0001CE87A /* Build configuration list for PBXNativeTarget "Repository1Tests" */;
			buildPhases = (
				1A4DFF9921F618E0001CE87A /* Sources */,
				1A4DFF9A21F618E0001CE87A /* Frameworks */,
				1A4DFF9B21F618E0001CE87A /* Resources */,
			);
			buildRules = (
			);
			dependencies = (
				1A4DFF9F21F618E0001CE87A /* PBXTargetDependency */,
			);
			name = Repository1Tests;
			productName = Repository1Tests;
			productReference = 1A4DFF9D21F618E0001CE87A /* Repository1Tests.xctest */;
			productType = "com.apple.product-type.bundle.unit-test";
		};
		1A4DFFA721F618E0001CE87A /* Repository1UITests */ = {
			isa = PBXNativeTarget;
			buildConfigurationList = 1A4DFFB721F618E0001CE87A /* Build configuration list for PBXNativeTarget "Repository1UITests" */;
			buildPhases = (
				1A4DFFA421F618E0001CE87A /* Sources */,
				1A4DFFA521F618E0001CE87A /* Frameworks */,
				1A4DFFA621F618E0001CE87A /* Resources */,
			);
			buildRules = (
			);
			dependencies = (
				1A4DFFAA21F618E0001CE87A /* PBXTargetDependency */,
			);
			name = Repository1UITests;
			productName = Repository1UITests;
			productReference = 1A4DFFA821F618E0001CE87A /* Repository1UITests.xctest */;
			productType = "com.apple.product-type.bundle.ui-testing";
		};
/* End PBXNativeTarget section */

/* Begin PBXProject section */
		1A4DFF8121F618DF001CE87A /* Project object */ = {
			isa = PBXProject;
			attributes = {
				LastSwiftUpdateCheck = 1010;
				LastUpgradeCheck = 1010;
				ORGANIZATIONNAME = "Universidad Politecnica de Gómez Palacio";
				TargetAttributes = {
					1A4DFF8821F618DF001CE87A = {
						CreatedOnToolsVersion = 10.1;
					};
					1A4DFF9C21F618E0001CE87A = {
						CreatedOnToolsVersion = 10.1;
						TestTargetID = 1A4DFF8821F618DF001CE87A;
					};
					1A4DFFA721F618E0001CE87A = {
						CreatedOnToolsVersion = 10.1;
						TestTargetID = 1A4DFF8821F618DF001CE87A;
					};
				};
			};
			buildConfigurationList = 1A4DFF8421F618DF001CE87A /* Build configuration list for PBXProject "Repository1" */;
			compatibilityVersion = "Xcode 9.3";
			developmentRegion = en;
			hasScannedForEncodings = 0;
			knownRegions = (
				en,
				Base,
			);
			mainGroup = 1A4DFF8021F618DF001CE87A;
			productRefGroup = 1A4DFF8A21F618DF001CE87A /* Products */;
			projectDirPath = "";
			projectRoot = "";
			targets = (
				1A4DFF8821F618DF001CE87A /* Repository1 */,
				1A4DFF9C21F618E0001CE87A /* Repository1Tests */,
				1A4DFFA721F618E0001CE87A /* Repository1UITests */,
			);
		};
/* End PBXProject section */

/* Begin PBXResourcesBuildPhase section */
		1A4DFF8721F618DF001CE87A /* Resources */ = {
			isa = PBXResourcesBuildPhase;
			buildActionMask = 2147483647;
			files = (
				1A4DFF9721F618E0001CE87A /* LaunchScreen.storyboard in Resources */,
				1A4DFF9421F618E0001CE87A /* Assets.xcassets in Resources */,
				1A4DFF9221F618DF001CE87A /* Main.storyboard in Resources */,
			);
			runOnlyForDeploymentPostprocessing = 0;
		};
		1A4DFF9B21F618E0001CE87A /* Resources */ = {
			isa = PBXResourcesBuildPhase;
			buildActionMask = 2147483647;
			files = (
			);
			runOnlyForDeploymentPostprocessing = 0;
		};
		1A4DFFA621F618E0001CE87A /* Resources */ = {
			isa = PBXResourcesBuildPhase;
			buildActionMask = 2147483647;
			files = (
			);
			runOnlyForDeploymentPostprocessing = 0;
		};
/* End PBXResourcesBuildPhase section */

/* Begin PBXSourcesBuildPhase section */
		1A4DFF8521F618DF001CE87A /* Sources */ = {
			isa = PBXSourcesBuildPhase;
			buildActionMask = 2147483647;
			files = (
				1A4DFF8F21F618DF001CE87A /* ViewController.swift in Sources */,
				1A4DFF8D21F618DF001CE87A /* AppDelegate.swift in Sources */,
			);
			runOnlyForDeploymentPostprocessing = 0;
		};
		1A4DFF9921F618E0001CE87A /* Sources */ = {
			isa = PBXSourcesBuildPhase;
			buildActionMask = 2147483647;
			files = (
				1A4DFFA221F618E0001CE87A /* Repository1Tests.swift in Sources */,
			);
			runOnlyForDeploymentPostprocessing = 0;
		};
		1A4DFFA421F618E0001CE87A /* Sources */ = {
			isa = PBXSourcesBuildPhase;
			buildActionMask = 2147483647;
			files = (
				1A4DFFAD21F618E0001CE87A /* Repository1UITests.swift in Sources */,
			);
			runOnlyForDeploymentPostprocessing = 0;
		};
/* End PBXSourcesBuildPhase section */

/* Begin PBXTargetDependency section */
		1A4DFF9F21F618E0001CE87A /* PBXTargetDependency */ = {
			isa = PBXTargetDependency;
			target = 1A4DFF8821F618DF001CE87A /* Repository1 */;
			targetProxy = 1A4DFF9E21F618E0001CE87A /* PBXContainerItemProxy */;
		};
		1A4DFFAA21F618E0001CE87A /* PBXTargetDependency */ = {
			isa = PBXTargetDependency;
			target = 1A4DFF8821F618DF001CE87A /* Repository1 */;
			targetProxy = 1A4DFFA921F618E0001CE87A /* PBXContainerItemProxy */;
		};
/* End PBXTargetDependency section */

/* Begin PBXVariantGroup section */
		1A4DFF9021F618DF001CE87A /* Main.storyboard */ = {
			isa = PBXVariantGroup;
			children = (
				1A4DFF9121F618DF001CE87A /* Base */,
			);
			name = Main.storyboard;
			sourceTree = "<group>";
		};
		1A4DFF9521F618E0001CE87A /* LaunchScreen.storyboard */ = {
			isa = PBXVariantGroup;
			children = (
				1A4DFF9621F618E0001CE87A /* Base */,
			);
			name = LaunchScreen.storyboard;
			sourceTree = "<group>";
		};
/* End PBXVariantGroup section */

/* Begin XCBuildConfiguration section */
		1A4DFFAF21F618E0001CE87A /* Debug */ = {
			isa = XCBuildConfiguration;
			buildSettings = {
				ALWAYS_SEARCH_USER_PATHS = NO;
				CLANG_ANALYZER_NONNULL = YES;
				CLANG_ANALYZER_NUMBER_OBJECT_CONVERSION = YES_AGGRESSIVE;
				CLANG_CXX_LANGUAGE_STANDARD = "gnu++14";
				CLANG_CXX_LIBRARY = "libc++";
				CLANG_ENABLE_MODULES = YES;
				CLANG_ENABLE_OBJC_ARC = YES;
				CLANG_ENABLE_OBJC_WEAK = YES;
				CLANG_WARN_BLOCK_CAPTURE_AUTORELEASING = YES;
				CLANG_WARN_BOOL_CONVERSION = YES;
				CLANG_WARN_COMMA = YES;
				CLANG_WARN_CONSTANT_CONVERSION = YES;
				CLANG_WARN_DEPRECATED_OBJC_IMPLEMENTATIONS = YES;
				CLANG_WARN_DIRECT_OBJC_ISA_USAGE = YES_ERROR;
				CLANG_WARN_DOCUMENTATION_COMMENTS = YES;
				CLANG_WARN_EMPTY_BODY = YES;
				CLANG_WARN_ENUM_CONVERSION = YES;
				CLANG_WARN_INFINITE_RECURSION = YES;
				CLANG_WARN_INT_CONVERSION = YES;
				CLANG_WARN_NON_LITERAL_NULL_CONVERSION = YES;
				CLANG_WARN_OBJC_IMPLICIT_RETAIN_SELF = YES;
				CLANG_WARN_OBJC_LITERAL_CONVERSION = YES;
				CLANG_WARN_OBJC_ROOT_CLASS = YES_ERROR;
				CLANG_WARN_RANGE_LOOP_ANALYSIS = YES;
				CLANG_WARN_STRICT_PROTOTYPES = YES;
				CLANG_WARN_SUSPICIOUS_MOVE = YES;
				CLANG_WARN_UNGUARDED_AVAILABILITY = YES_AGGRESSIVE;
				CLANG_WARN_UNREACHABLE_CODE = YES;
				CLANG_WARN__DUPLICATE_METHOD_MATCH = YES;
				CODE_SIGN_IDENTITY = "iPhone Developer";
				COPY_PHASE_STRIP = NO;
				DEBUG_INFORMATION_FORMAT = dwarf;
				ENABLE_STRICT_OBJC_MSGSEND = YES;
				ENABLE_TESTABILITY = YES;
				GCC_C_LANGUAGE_STANDARD = gnu11;
				GCC_DYNAMIC_NO_PIC = NO;
				GCC_NO_COMMON_BLOCKS = YES;
				GCC_OPTIMIZATION_LEVEL = 0;
				GCC_PREPROCESSOR_DEFINITIONS = (
					"DEBUG=1",
					"$(inherited)",
				);
				GCC_WARN_64_TO_32_BIT_CONVERSION = YES;
				GCC_WARN_ABOUT_RETURN_TYPE = YES_ERROR;
				GCC_WARN_UNDECLARED_SELECTOR = YES;
				GCC_WARN_UNINITIALIZED_AUTOS = YES_AGGRESSIVE;
				GCC_WARN_UNUSED_FUNCTION = YES;
				GCC_WARN_UNUSED_VARIABLE = YES;
				IPHONEOS_DEPLOYMENT_TARGET = 12.1;
				MTL_ENABLE_DEBUG_INFO = INCLUDE_SOURCE;
				MTL_FAST_MATH = YES;
				ONLY_ACTIVE_ARCH = YES;
				SDKROOT = iphoneos;
				SWIFT_ACTIVE_COMPILATION_CONDITIONS = DEBUG;
				SWIFT_OPTIMIZATION_LEVEL = "-Onone";
			};
			name = Debug;
		};
		1A4DFFB021F618E0001CE87A /* Release */ = {
			isa = XCBuildConfiguration;
			buildSettings = {
				ALWAYS_SEARCH_USER_PATHS = NO;
				CLANG_ANALYZER_NONNULL = YES;
				CLANG_ANALYZER_NUMBER_OBJECT_CONVERSION = YES_AGGRESSIVE;
				CLANG_CXX_LANGUAGE_STANDARD = "gnu++14";
				CLANG_CXX_LIBRARY = "libc++";
				CLANG_ENABLE_MODULES = YES;
				CLANG_ENABLE_OBJC_ARC = YES;
				CLANG_ENABLE_OBJC_WEAK = YES;
				CLANG_WARN_BLOCK_CAPTURE_AUTORELEASING = YES;
				CLANG_WARN_BOOL_CONVERSION = YES;
				CLANG_WARN_COMMA = YES;
				CLANG_WARN_CONSTANT_CONVERSION = YES;
				CLANG_WARN_DEPRECATED_OBJC_IMPLEMENTATIONS = YES;
				CLANG_WARN_DIRECT_OBJC_ISA_USAGE = YES_ERROR;
				CLANG_WARN_DOCUMENTATION_COMMENTS = YES;
				CLANG_WARN_EMPTY_BODY = YES;
				CLANG_WARN_ENUM_CONVERSION = YES;
				CLANG_WARN_INFINITE_RECURSION = YES;
				CLANG_WARN_INT_CONVERSION = YES;
				CLANG_WARN_NON_LITERAL_NULL_CONVERSION = YES;
				CLANG_WARN_OBJC_IMPLICIT_RETAIN_SELF = YES;
				CLANG_WARN_OBJC_LITERAL_CONVERSION = YES;
				CLANG_WARN_OBJC_ROOT_CLASS = YES_ERROR;
				CLANG_WARN_RANGE_LOOP_ANALYSIS = YES;
				CLANG_WARN_STRICT_PROTOTYPES = YES;
				CLANG_WARN_SUSPICIOUS_MOVE = YES;
				CLANG_WARN_UNGUARDED_AVAILABILITY = YES_AGGRESSIVE;
				CLANG_WARN_UNREACHABLE_CODE = YES;
				CLANG_WARN__DUPLICATE_METHOD_MATCH = YES;
				CODE_SIGN_IDENTITY = "iPhone Developer";
				COPY_PHASE_STRIP = NO;
				DEBUG_INFORMATION_FORMAT = "dwarf-with-dsym";
				ENABLE_NS_ASSERTIONS = NO;
				ENABLE_STRICT_OBJC_MSGSEND = YES;
				GCC_C_LANGUAGE_STANDARD = gnu11;
				GCC_NO_COMMON_BLOCKS = YES;
				GCC_WARN_64_TO_32_BIT_CONVERSION = YES;
				GCC_WARN_ABOUT_RETURN_TYPE = YES_ERROR;
				GCC_WARN_UNDECLARED_SELECTOR = YES;
				GCC_WARN_UNINITIALIZED_AUTOS = YES_AGGRESSIVE;
				GCC_WARN_UNUSED_FUNCTION = YES;
				GCC_WARN_UNUSED_VARIABLE = YES;
				IPHONEOS_DEPLOYMENT_TARGET = 12.1;
				MTL_ENABLE_DEBUG_INFO = NO;
				MTL_FAST_MATH = YES;
				SDKROOT = iphoneos;
				SWIFT_COMPILATION_MODE = wholemodule;
				SWIFT_OPTIMIZATION_LEVEL = "-O";
				VALIDATE_PRODUCT = YES;
			};
			name = Release;
		};
		1A4DFFB221F618E0001CE87A /* Debug */ = {
			isa = XCBuildConfiguration;
			buildSettings = {
				ASSETCATALOG_COMPILER_APPICON_NAME = AppIcon;
				CODE_SIGN_STYLE = Automatic;
				DEVELOPMENT_TEAM = HTLL38VT4L;
				INFOPLIST_FILE = Repository1/Info.plist;
				LD_RUNPATH_SEARCH_PATHS = (
					"$(inherited)",
					"@executable_path/Frameworks",
				);
				PRODUCT_BUNDLE_IDENTIFIER = "-6.Repository1";
				PRODUCT_NAME = "$(TARGET_NAME)";
				SWIFT_VERSION = 4.2;
				TARGETED_DEVICE_FAMILY = "1,2";
			};
			name = Debug;
		};
		1A4DFFB321F618E0001CE87A /* Release */ = {
			isa = XCBuildConfiguration;
			buildSettings = {
				ASSETCATALOG_COMPILER_APPICON_NAME = AppIcon;
				CODE_SIGN_STYLE = Automatic;
				DEVELOPMENT_TEAM = HTLL38VT4L;
				INFOPLIST_FILE = Repository1/Info.plist;
				LD_RUNPATH_SEARCH_PATHS = (
					"$(inherited)",
					"@executable_path/Frameworks",
				);
				PRODUCT_BUNDLE_IDENTIFIER = "-6.Repository1";
				PRODUCT_NAME = "$(TARGET_NAME)";
				SWIFT_VERSION = 4.2;
				TARGETED_DEVICE_FAMILY = "1,2";
			};
			name = Release;
		};
		1A4DFFB521F618E0001CE87A /* Debug */ = {
			isa = XCBuildConfiguration;
			buildSettings = {
				ALWAYS_EMBED_SWIFT_STANDARD_LIBRARIES = YES;
				BUNDLE_LOADER = "$(TEST_HOST)";
				CODE_SIGN_STYLE = Automatic;
				INFOPLIST_FILE = Repository1Tests/Info.plist;
				LD_RUNPATH_SEARCH_PATHS = (
					"$(inherited)",
					"@executable_path/Frameworks",
					"@loader_path/Frameworks",
				);
				PRODUCT_BUNDLE_IDENTIFIER = "-6.Repository1Tests";
				PRODUCT_NAME = "$(TARGET_NAME)";
				SWIFT_VERSION = 4.2;
				TARGETED_DEVICE_FAMILY = "1,2";
				TEST_HOST = "$(BUILT_PRODUCTS_DIR)/Repository1.app/Repository1";
			};
			name = Debug;
		};
		1A4DFFB621F618E0001CE87A /* Release */ = {
			isa = XCBuildConfiguration;
			buildSettings = {
				ALWAYS_EMBED_SWIFT_STANDARD_LIBRARIES = YES;
				BUNDLE_LOADER = "$(TEST_HOST)";
				CODE_SIGN_STYLE = Automatic;
				INFOPLIST_FILE = Repository1Tests/Info.plist;
				LD_RUNPATH_SEARCH_PATHS = (
					"$(inherited)",
					"@executable_path/Frameworks",
					"@loader_path/Frameworks",
				);
				PRODUCT_BUNDLE_IDENTIFIER = "-6.Repository1Tests";
				PRODUCT_NAME = "$(TARGET_NAME)";
				SWIFT_VERSION = 4.2;
				TARGETED_DEVICE_FAMILY = "1,2";
				TEST_HOST = "$(BUILT_PRODUCTS_DIR)/Repository1.app/Repository1";
			};
			name = Release;
		};
		1A4DFFB821F618E0001CE87A /* Debug */ = {
			isa = XCBuildConfiguration;
			buildSettings = {
				ALWAYS_EMBED_SWIFT_STANDARD_LIBRARIES = YES;
				CODE_SIGN_STYLE = Automatic;
				INFOPLIST_FILE = Repository1UITests/Info.plist;
				LD_RUNPATH_SEARCH_PATHS = (
					"$(inherited)",
					"@executable_path/Frameworks",
					"@loader_path/Frameworks",
				);
				PRODUCT_BUNDLE_IDENTIFIER = "-6.Repository1UITests";
				PRODUCT_NAME = "$(TARGET_NAME)";
				SWIFT_VERSION = 4.2;
				TARGETED_DEVICE_FAMILY = "1,2";
				TEST_TARGET_NAME = Repository1;
			};
			name = Debug;
		};
		1A4DFFB921F618E0001CE87A /* Release */ = {
			isa = XCBuildConfiguration;
			buildSettings = {
				ALWAYS_EMBED_SWIFT_STANDARD_LIBRARIES = YES;
				CODE_SIGN_STYLE = Automatic;
				INFOPLIST_FILE = Repository1UITests/Info.plist;
				LD_RUNPATH_SEARCH_PATHS = (
					"$(inherited)",
					"@executable_path/Frameworks",
					"@loader_path/Frameworks",
				);
				PRODUCT_BUNDLE_IDENTIFIER = "-6.Repository1UITests";
				PRODUCT_NAME = "$(TARGET_NAME)";
				SWIFT_VERSION = 4.2;
				TARGETED_DEVICE_FAMILY = "1,2";
				TEST_TARGET_NAME = Repository1;
			};
			name = Release;
		};
/* End XCBuildConfiguration section */

/* Begin XCConfigurationList section */
		1A4DFF8421F618DF001CE87A /* Build configuration list for PBXProject "Repository1" */ = {
			isa = XCConfigurationList;
			buildConfigurations = (
				1A4DFFAF21F618E0001CE87A /* Debug */,
				1A4DFFB021F618E0001CE87A /* Release */,
			);
			defaultConfigurationIsVisible = 0;
			defaultConfigurationName = Release;
		};
		1A4DFFB121F618E0001CE87A /* Build configuration list for PBXNativeTarget "Repository1" */ = {
			isa = XCConfigurationList;
			buildConfigurations = (
				1A4DFFB221F618E0001CE87A /* Debug */,
				1A4DFFB321F618E0001CE87A /* Release */,
			);
			defaultConfigurationIsVisible = 0;
			defaultConfigurationName = Release;
		};
		1A4DFFB421F618E0001CE87A /* Build configuration list for PBXNativeTarget "Repository1Tests" */ = {
			isa = XCConfigurationList;
			buildConfigurations = (
				1A4DFFB521F618E0001CE87A /* Debug */,
				1A4DFFB621F618E0001CE87A /* Release */,
			);
			defaultConfigurationIsVisible = 0;
			defaultConfigurationName = Release;
		};
		1A4DFFB721F618E0001CE87A /* Build configuration list for PBXNativeTarget "Repository1UITests" */ = {
			isa = XCConfigurationList;
			buildConfigurations = (
				1A4DFFB821F618E0001CE87A /* Debug */,
				1A4DFFB921F618E0001CE87A /* Release */,
			);
			defaultConfigurationIsVisible = 0;
			defaultConfigurationName = Release;
		};
/* End XCConfigurationList section */
	};
	rootObject = 1A4DFF8121F618DF001CE87A /* Project object */;
}
